{
  "name": "mindgraph",
  "version": "0.8.2",
  "lockfileVersion": 3,
  "requires": true,
  "packages": {
    "": {
      "name": "mindgraph",
      "version": "0.8.2",
      "hasInstallScript": true,
      "license": "MIT",
      "bin": {
        "mindgraph": "src/cli/index.js",
        "mindgraph-mcp": "src/mcp/server.js"
      },
      "engines": {
        "node": ">=18"
      }
    }
  }
}
